{
  "name": "tacoskokopelli",
  "version": "0.0.1",
  "dependencies": {
    "express": {
      "version": "3.0.0rc4",
      "dependencies": {
        "connect": {
          "version": "2.4.4",
          "dependencies": {
            "qs": {
              "version": "0.4.2"
            },
            "formidable": {
              "version": "1.0.11"
            },
            "bytes": {
              "version": "0.1.0"
            },
            "pause": {
              "version": "0.0.1"
            }
          }
        },
        "commander": {
          "version": "0.6.1"
        },
        "range-parser": {
          "version": "0.0.4"
        },
        "mkdirp": {
          "version": "0.3.3"
        },
        "cookie": {
          "version": "0.0.4"
        },
        "crc": {
          "version": "0.2.0"
        },
        "fresh": {
          "version": "0.1.0"
        },
        "methods": {
          "version": "0.0.1"
        },
        "send": {
          "version": "0.0.4",
          "dependencies": {
            "mime": {
              "version": "1.2.6"
            }
          }
        },
        "debug": {
          "version": "0.7.0"
        }
      }
    },
    "jade": {
      "version": "0.27.2",
      "dependencies": {
        "commander": {
          "version": "0.6.1"
        },
        "mkdirp": {
          "version": "0.3.0"
        }
      }
    },
    "stylus": {
      "version": "0.29.0",
      "dependencies": {
        "cssom": {
          "version": "0.2.5"
        },
        "mkdirp": {
          "version": "0.3.4"
        },
        "debug": {
          "version": "0.7.0"
        }
      }
    },
    "coffee-script": {
      "version": "1.3.3"
    },
    "express-resource": {
      "version": "0.2.4",
      "dependencies": {
        "lingo": {
          "version": "0.0.5"
        }
      }
    },
    "js-yaml": {
      "version": "1.0.2",
      "dependencies": {
        "argparse": {
          "version": "0.1.6",
          "dependencies": {
            "underscore": {
              "version": "1.3.3"
            },
            "underscore.string": {
              "version": "2.1.1"
            }
          }
        }
      }
    },
    "connect-assets": {
      "version": "2.3.3",
      "dependencies": {
        "connect-file-cache": {
          "version": "0.2.4"
        },
        "mime": {
          "version": "1.2.2"
        },
        "snockets": {
          "version": "1.3.8",
          "dependencies": {
            "dep-graph": {
              "version": "1.1.0",
              "dependencies": {
                "underscore": {
                  "version": "1.2.1"
                }
              }
            },
            "uglify-js": {
              "version": "1.0.7"
            }
          }
        },
        "underscore": {
          "version": "1.1.7"
        }
      }
    },
    "underscore": {
      "version": "1.3.3"
    },
    "express-load": {
      "version": "1.1.0"
    },
    "sendgrid": {
      "version": "0.2.4",
      "dependencies": {
        "nodemailer": {
          "version": "0.3.21",
          "dependencies": {
            "mailcomposer": {
              "version": "0.1.15",
              "dependencies": {
                "mimelib-noiconv": {
                  "version": "0.1.9"
                }
              }
            },
            "simplesmtp": {
              "version": "0.1.18",
              "dependencies": {
                "rai": {
                  "version": "0.1.6"
                }
              }
            }
          }
        },
        "mime": {
          "version": "1.2.7"
        },
        "step": {
          "version": "0.0.5"
        },
        "chai": {
          "version": "1.1.1"
        },
        "mocha": {
          "version": "1.3.0",
          "dependencies": {
            "commander": {
              "version": "0.6.1"
            },
            "growl": {
              "version": "1.5.1"
            },
            "jade": {
              "version": "0.26.3",
              "dependencies": {
                "mkdirp": {
                  "version": "0.3.0"
                }
              }
            },
            "diff": {
              "version": "1.0.2"
            },
            "debug": {
              "version": "0.7.0"
            }
          }
        }
      }
    }
  }
}
